// !$*UTF8*$!
{
	archiveVersion = 1;
	classes = {
	};
	objectVersion = 46;
	objects = {

/* Begin PBXBuildFile section */
		55B18E5C1AF0406200F429D1 /* AppDelegate.swift in Sources */ = {isa = PBXBuildFile; fileRef = 55B18E5B1AF0406200F429D1 /* AppDelegate.swift */; };
		55B18E5E1AF0406200F429D1 /* ViewController.swift in Sources */ = {isa = PBXBuildFile; fileRef = 55B18E5D1AF0406200F429D1 /* ViewController.swift */; };
		55B18E611AF0406200F429D1 /* Main.storyboard in Resources */ = {isa = PBXBuildFile; fileRef = 55B18E5F1AF0406200F429D1 /* Main.storyboard */; };
		55B18E631AF0406200F429D1 /* Images.xcassets in Resources */ = {isa = PBXBuildFile; fileRef = 55B18E621AF0406200F429D1 /* Images.xcassets */; };
		55B18E661AF0406200F429D1 /* LaunchScreen.xib in Resources */ = {isa = PBXBuildFile; fileRef = 55B18E641AF0406200F429D1 /* LaunchScreen.xib */; };
		55B18E721AF0406200F429D1 /* StormyTests.swift in Sources */ = {isa = PBXBuildFile; fileRef = 55B18E711AF0406200F429D1 /* StormyTests.swift */; };
		55FF0B681AF42EED005836DB /* Current.swift in Sources */ = {isa = PBXBuildFile; fileRef = 55FF0B671AF42EED005836DB /* Current.swift */; };
/* End PBXBuildFile section */

/* Begin PBXContainerItemProxy section */
		55B18E6C1AF0406200F429D1 /* PBXContainerItemProxy */ = {
			isa = PBXContainerItemProxy;
			containerPortal = 55B18E4E1AF0406200F429D1 /* Project object */;
			proxyType = 1;
			remoteGlobalIDString = 55B18E551AF0406200F429D1;
			remoteInfo = Stormy;
		};
/* End PBXContainerItemProxy section */

/* Begin PBXFileReference section */
		55B18E561AF0406200F429D1 /* Stormy.app */ = {isa = PBXFileReference; explicitFileType = wrapper.application; includeInIndex = 0; path = Stormy.app; sourceTree = BUILT_PRODUCTS_DIR; };
		55B18E5A1AF0406200F429D1 /* Info.plist */ = {isa = PBXFileReference; lastKnownFileType = text.plist.xml; path = Info.plist; sourceTree = "<group>"; };
		55B18E5B1AF0406200F429D1 /* AppDelegate.swift */ = {isa = PBXFileReference; lastKnownFileType = sourcecode.swift; path = AppDelegate.swift; sourceTree = "<group>"; };
		55B18E5D1AF0406200F429D1 /* ViewController.swift */ = {isa = PBXFileReference; lastKnownFileType = sourcecode.swift; path = ViewController.swift; sourceTree = "<group>"; };
		55B18E601AF0406200F429D1 /* Base */ = {isa = PBXFileReference; lastKnownFileType = file.storyboard; name = Base; path = Base.lproj/Main.storyboard; sourceTree = "<group>"; };
		55B18E621AF0406200F429D1 /* Images.xcassets */ = {isa = PBXFileReference; lastKnownFileType = folder.assetcatalog; path = Images.xcassets; sourceTree = "<group>"; };
		55B18E651AF0406200F429D1 /* Base */ = {isa = PBXFileReference; lastKnownFileType = file.xib; name = Base; path = Base.lproj/LaunchScreen.xib; sourceTree = "<group>"; };
		55B18E6B1AF0406200F429D1 /* StormyTests.xctest */ = {isa = PBXFileReference; explicitFileType = wrapper.cfbundle; includeInIndex = 0; path = StormyTests.xctest; sourceTree = BUILT_PRODUCTS_DIR; };
		55B18E701AF0406200F429D1 /* Info.plist */ = {isa = PBXFileReference; lastKnownFileType = text.plist.xml; path = Info.plist; sourceTree = "<group>"; };
		55B18E711AF0406200F429D1 /* StormyTests.swift */ = {isa = PBXFileReference; lastKnownFileType = sourcecode.swift; path = StormyTests.swift; sourceTree = "<group>"; };
		55FF0B671AF42EED005836DB /* Current.swift */ = {isa = PBXFileReference; fileEncoding = 4; lastKnownFileType = sourcecode.swift; path = Current.swift; sourceTree = "<group>"; };
/* End PBXFileReference section */

/* Begin PBXFrameworksBuildPhase section */
		55B18E531AF0406200F429D1 /* Frameworks */ = {
			isa = PBXFrameworksBuildPhase;
			buildActionMask = 2147483647;
			files = (
			);
			runOnlyForDeploymentPostprocessing = 0;
		};
		55B18E681AF0406200F429D1 /* Frameworks */ = {
			isa = PBXFrameworksBuildPhase;
			buildActionMask = 2147483647;
			files = (
			);
			runOnlyForDeploymentPostprocessing = 0;
		};
/* End PBXFrameworksBuildPhase section */

/* Begin PBXGroup section */
		55B18E4D1AF0406200F429D1 = {
			isa = PBXGroup;
			children = (
				55B18E581AF0406200F429D1 /* Stormy */,
				55B18E6E1AF0406200F429D1 /* StormyTests */,
				55B18E571AF0406200F429D1 /* Products */,
			);
			sourceTree = "<group>";
		};
		55B18E571AF0406200F429D1 /* Products */ = {
			isa = PBXGroup;
			children = (
				55B18E561AF0406200F429D1 /* Stormy.app */,
				55B18E6B1AF0406200F429D1 /* StormyTests.xctest */,
			);
			name = Products;
			sourceTree = "<group>";
		};
		55B18E581AF0406200F429D1 /* Stormy */ = {
			isa = PBXGroup;
			children = (
				55B18E5B1AF0406200F429D1 /* AppDelegate.swift */,
				55B18E5D1AF0406200F429D1 /* ViewController.swift */,
				55FF0B671AF42EED005836DB /* Current.swift */,
				55B18E5F1AF0406200F429D1 /* Main.storyboard */,
				55B18E621AF0406200F429D1 /* Images.xcassets */,
				55B18E641AF0406200F429D1 /* LaunchScreen.xib */,
				55B18E591AF0406200F429D1 /* Supporting Files */,
			);
			path = Stormy;
			sourceTree = "<group>";
		};
		55B18E591AF0406200F429D1 /* Supporting Files */ = {
			isa = PBXGroup;
			children = (
				55B18E5A1AF0406200F429D1 /* Info.plist */,
			);
			name = "Supporting Files";
			sourceTree = "<group>";
		};
		55B18E6E1AF0406200F429D1 /* StormyTests */ = {
			isa = PBXGroup;
			children = (
				55B18E711AF0406200F429D1 /* StormyTests.swift */,
				55B18E6F1AF0406200F429D1 /* Supporting Files */,
			);
			path = StormyTests;
			sourceTree = "<group>";
		};
		55B18E6F1AF0406200F429D1 /* Supporting Files */ = {
			isa = PBXGroup;
			children = (
				55B18E701AF0406200F429D1 /* Info.plist */,
			);
			name = "Supporting Files";
			sourceTree = "<group>";
		};
/* End PBXGroup section */

/* Begin PBXNativeTarget section */
		55B18E551AF0406200F429D1 /* Stormy */ = {
			isa = PBXNativeTarget;
			buildConfigurationList = 55B18E751AF0406200F429D1 /* Build configuration list for PBXNativeTarget "Stormy" */;
			buildPhases = (
				55B18E521AF0406200F429D1 /* Sources */,
				55B18E531AF0406200F429D1 /* Frameworks */,
				55B18E541AF0406200F429D1 /* Resources */,
			);
			buildRules = (
			);
			dependencies = (
			);
			name = Stormy;
			productName = Stormy;
			productReference = 55B18E561AF0406200F429D1 /* Stormy.app */;
			productType = "com.apple.product-type.application";
		};
		55B18E6A1AF0406200F429D1 /* StormyTests */ = {
			isa = PBXNativeTarget;
			buildConfigurationList = 55B18E781AF0406200F429D1 /* Build configuration list for PBXNativeTarget "StormyTests" */;
			buildPhases = (
				55B18E671AF0406200F429D1 /* Sources */,
				55B18E681AF0406200F429D1 /* Frameworks */,
				55B18E691AF0406200F429D1 /* Resources */,
			);
			buildRules = (
			);
			dependencies = (
				55B18E6D1AF0406200F429D1 /* PBXTargetDependency */,
			);
			name = StormyTests;
			productName = StormyTests;
			productReference = 55B18E6B1AF0406200F429D1 /* StormyTests.xctest */;
			productType = "com.apple.product-type.bundle.unit-test";
		};
/* End PBXNativeTarget section */

/* Begin PBXProject section */
		55B18E4E1AF0406200F429D1 /* Project object */ = {
			isa = PBXProject;
			attributes = {
				LastUpgradeCheck = 0630;
				ORGANIZATIONNAME = "Luiz Carlos Gonçalves dos Anjos";
				TargetAttributes = {
					55B18E551AF0406200F429D1 = {
						CreatedOnToolsVersion = 6.3;
					};
					55B18E6A1AF0406200F429D1 = {
						CreatedOnToolsVersion = 6.3;
						TestTargetID = 55B18E551AF0406200F429D1;
					};
				};
			};
			buildConfigurationList = 55B18E511AF0406200F429D1 /* Build configuration list for PBXProject "Stormy" */;
			compatibilityVersion = "Xcode 3.2";
			developmentRegion = English;
			hasScannedForEncodings = 0;
			knownRegions = (
				en,
				Base,
			);
			mainGroup = 55B18E4D1AF0406200F429D1;
			productRefGroup = 55B18E571AF0406200F429D1 /* Products */;
			projectDirPath = "";
			projectRoot = "";
			targets = (
				55B18E551AF0406200F429D1 /* Stormy */,
				55B18E6A1AF0406200F429D1 /* StormyTests */,
			);
		};
/* End PBXProject section */

/* Begin PBXResourcesBuildPhase section */
		55B18E541AF0406200F429D1 /* Resources */ = {
			isa = PBXResourcesBuildPhase;
			buildActionMask = 2147483647;
			files = (
				55B18E611AF0406200F429D1 /* Main.storyboard in Resources */,
				55B18E661AF0406200F429D1 /* LaunchScreen.xib in Resources */,
				55B18E631AF0406200F429D1 /* Images.xcassets in Resources */,
			);
			runOnlyForDeploymentPostprocessing = 0;
		};
		55B18E691AF0406200F429D1 /* Resources */ = {
			isa = PBXResourcesBuildPhase;
			buildActionMask = 2147483647;
			files = (
			);
			runOnlyForDeploymentPostprocessing = 0;
		};
/* End PBXResourcesBuildPhase section */

/* Begin PBXSourcesBuildPhase section */
		55B18E521AF0406200F429D1 /* Sources */ = {
			isa = PBXSourcesBuildPhase;
			buildActionMask = 2147483647;
			files = (
				55FF0B681AF42EED005836DB /* Current.swift in Sources */,
				55B18E5E1AF0406200F429D1 /* ViewController.swift in Sources */,
				55B18E5C1AF0406200F429D1 /* AppDelegate.swift in Sources */,
			);
			runOnlyForDeploymentPostprocessing = 0;
		};
		55B18E671AF0406200F429D1 /* Sources */ = {
			isa = PBXSourcesBuildPhase;
			buildActionMask = 2147483647;
			files = (
				55B18E721AF0406200F429D1 /* StormyTests.swift in Sources */,
			);
			runOnlyForDeploymentPostprocessing = 0;
		};
/* End PBXSourcesBuildPhase section */

/* Begin PBXTargetDependency section */
		55B18E6D1AF0406200F429D1 /* PBXTargetDependency */ = {
			isa = PBXTargetDependency;
			target = 55B18E551AF0406200F429D1 /* Stormy */;
			targetProxy = 55B18E6C1AF0406200F429D1 /* PBXContainerItemProxy */;
		};
/* End PBXTargetDependency section */

/* Begin PBXVariantGroup section */
		55B18E5F1AF0406200F429D1 /* Main.storyboard */ = {
			isa = PBXVariantGroup;
			children = (
				55B18E601AF0406200F429D1 /* Base */,
			);
			name = Main.storyboard;
			sourceTree = "<group>";
		};
		55B18E641AF0406200F429D1 /* LaunchScreen.xib */ = {
			isa = PBXVariantGroup;
			children = (
				55B18E651AF0406200F429D1 /* Base */,
			);
			name = LaunchScreen.xib;
			sourceTree = "<group>";
		};
/* End PBXVariantGroup section */

/* Begin XCBuildConfiguration section */
		55B18E731AF0406200F429D1 /* Debug */ = {
			isa = XCBuildConfiguration;
			buildSettings = {
				ALWAYS_SEARCH_USER_PATHS = NO;
				CLANG_CXX_LANGUAGE_STANDARD = "gnu++0x";
				CLANG_CXX_LIBRARY = "libc++";
				CLANG_ENABLE_MODULES = YES;
				CLANG_ENABLE_OBJC_ARC = YES;
				CLANG_WARN_BOOL_CONVERSION = YES;
				CLANG_WARN_CONSTANT_CONVERSION = YES;
				CLANG_WARN_DIRECT_OBJC_ISA_USAGE = YES_ERROR;
				CLANG_WARN_EMPTY_BODY = YES;
				CLANG_WARN_ENUM_CONVERSION = YES;
				CLANG_WARN_INT_CONVERSION = YES;
				CLANG_WARN_OBJC_ROOT_CLASS = YES_ERROR;
				CLANG_WARN_UNREACHABLE_CODE = YES;
				CLANG_WARN__DUPLICATE_METHOD_MATCH = YES;
				"CODE_SIGN_IDENTITY[sdk=iphoneos*]" = "iPhone Developer";
				COPY_PHASE_STRIP = NO;
				DEBUG_INFORMATION_FORMAT = "dwarf-with-dsym";
				ENABLE_STRICT_OBJC_MSGSEND = YES;
				GCC_C_LANGUAGE_STANDARD = gnu99;
				GCC_DYNAMIC_NO_PIC = NO;
				GCC_NO_COMMON_BLOCKS = YES;
				GCC_OPTIMIZATION_LEVEL = 0;
				GCC_PREPROCESSOR_DEFINITIONS = (
					"DEBUG=1",
					"$(inherited)",
				);
				GCC_SYMBOLS_PRIVATE_EXTERN = NO;
				GCC_WARN_64_TO_32_BIT_CONVERSION = YES;
				GCC_WARN_ABOUT_RETURN_TYPE = YES_ERROR;
				GCC_WARN_UNDECLARED_SELECTOR = YES;
				GCC_WARN_UNINITIALIZED_AUTOS = YES_AGGRESSIVE;
				GCC_WARN_UNUSED_FUNCTION = YES;
				GCC_WARN_UNUSED_VARIABLE = YES;
				IPHONEOS_DEPLOYMENT_TARGET = 8.3;
				MTL_ENABLE_DEBUG_INFO = YES;
				ONLY_ACTIVE_ARCH = YES;
				SDKROOT = iphoneos;
				SWIFT_OPTIMIZATION_LEVEL = "-Onone";
			};
			name = Debug;
		};
		55B18E741AF0406200F429D1 /* Release */ = {
			isa = XCBuildConfiguration;
			buildSettings = {
				ALWAYS_SEARCH_USER_PATHS = NO;
				CLANG_CXX_LANGUAGE_STANDARD = "gnu++0x";
				CLANG_CXX_LIBRARY = "libc++";
				CLANG_ENABLE_MODULES = YES;
				CLANG_ENABLE_OBJC_ARC = YES;
				CLANG_WARN_BOOL_CONVERSION = YES;
				CLANG_WARN_CONSTANT_CONVERSION = YES;
				CLANG_WARN_DIRECT_OBJC_ISA_USAGE = YES_ERROR;
				CLANG_WARN_EMPTY_BODY = YES;
				CLANG_WARN_ENUM_CONVERSION = YES;
				CLANG_WARN_INT_CONVERSION = YES;
				CLANG_WARN_OBJC_ROOT_CLASS = YES_ERROR;
				CLANG_WARN_UNREACHABLE_CODE = YES;
				CLANG_WARN__DUPLICATE_METHOD_MATCH = YES;
				"CODE_SIGN_IDENTITY[sdk=iphoneos*]" = "iPhone Developer";
				COPY_PHASE_STRIP = NO;
				DEBUG_INFORMATION_FORMAT = "dwarf-with-dsym";
				ENABLE_NS_ASSERTIONS = NO;
				ENABLE_STRICT_OBJC_MSGSEND = YES;
				GCC_C_LANGUAGE_STANDARD = gnu99;
				GCC_NO_COMMON_BLOCKS = YES;
				GCC_WARN_64_TO_32_BIT_CONVERSION = YES;
				GCC_WARN_ABOUT_RETURN_TYPE = YES_ERROR;
				GCC_WARN_UNDECLARED_SELECTOR = YES;
				GCC_WARN_UNINITIALIZED_AUTOS = YES_AGGRESSIVE;
				GCC_WARN_UNUSED_FUNCTION = YES;
				GCC_WARN_UNUSED_VARIABLE = YES;
				IPHONEOS_DEPLOYMENT_TARGET = 8.3;
				MTL_ENABLE_DEBUG_INFO = NO;
				SDKROOT = iphoneos;
				VALIDATE_PRODUCT = YES;
			};
			name = Release;
		};
		55B18E761AF0406200F429D1 /* Debug */ = {
			isa = XCBuildConfiguration;
			buildSettings = {
				ASSETCATALOG_COMPILER_APPICON_NAME = AppIcon;
				INFOPLIST_FILE = Stormy/Info.plist;
				LD_RUNPATH_SEARCH_PATHS = "$(inherited) @executable_path/Frameworks";
				PRODUCT_NAME = "$(TARGET_NAME)";
			};
			name = Debug;
		};
		55B18E771AF0406200F429D1 /* Release */ = {
			isa = XCBuildConfiguration;
			buildSettings = {
				ASSETCATALOG_COMPILER_APPICON_NAME = AppIcon;
				INFOPLIST_FILE = Stormy/Info.plist;
				LD_RUNPATH_SEARCH_PATHS = "$(inherited) @executable_path/Frameworks";
				PRODUCT_NAME = "$(TARGET_NAME)";
			};
			name = Release;
		};
		55B18E791AF0406200F429D1 /* Debug */ = {
			isa = XCBuildConfiguration;
			buildSettings = {
				BUNDLE_LOADER = "$(TEST_HOST)";
				FRAMEWORK_SEARCH_PATHS = (
					"$(SDKROOT)/Developer/Library/Frameworks",
					"$(inherited)",
				);
				GCC_PREPROCESSOR_DEFINITIONS = (
					"DEBUG=1",
					"$(inherited)",
				);
				INFOPLIST_FILE = StormyTests/Info.plist;
				LD_RUNPATH_SEARCH_PATHS = "$(inherited) @executable_path/Frameworks @loader_path/Frameworks";
				PRODUCT_NAME = "$(TARGET_NAME)";
				TEST_HOST = "$(BUILT_PRODUCTS_DIR)/Stormy.app/Stormy";
			};
			name = Debug;
		};
		55B18E7A1AF0406200F429D1 /* Release */ = {
			isa = XCBuildConfiguration;
			buildSettings = {
				BUNDLE_LOADER = "$(TEST_HOST)";
				FRAMEWORK_SEARCH_PATHS = (
					"$(SDKROOT)/Developer/Library/Frameworks",
					"$(inherited)",
				);
				INFOPLIST_FILE = StormyTests/Info.plist;
				LD_RUNPATH_SEARCH_PATHS = "$(inherited) @executable_path/Frameworks @loader_path/Frameworks";
				PRODUCT_NAME = "$(TARGET_NAME)";
				TEST_HOST = "$(BUILT_PRODUCTS_DIR)/Stormy.app/Stormy";
			};
			name = Release;
		};
/* End XCBuildConfiguration section */

/* Begin XCConfigurationList section */
		55B18E511AF0406200F429D1 /* Build configuration list for PBXProject "Stormy" */ = {
			isa = XCConfigurationList;
			buildConfigurations = (
				55B18E731AF0406200F429D1 /* Debug */,
				55B18E741AF0406200F429D1 /* Release */,
			);
			defaultConfigurationIsVisible = 0;
			defaultConfigurationName = Release;
		};
		55B18E751AF0406200F429D1 /* Build configuration list for PBXNativeTarget "Stormy" */ = {
			isa = XCConfigurationList;
			buildConfigurations = (
				55B18E761AF0406200F429D1 /* Debug */,
				55B18E771AF0406200F429D1 /* Release */,
			);
			defaultConfigurationIsVisible = 0;
			defaultConfigurationName = Release;
		};
		55B18E781AF0406200F429D1 /* Build configuration list for PBXNativeTarget "StormyTests" */ = {
			isa = XCConfigurationList;
			buildConfigurations = (
				55B18E791AF0406200F429D1 /* Debug */,
				55B18E7A1AF0406200F429D1 /* Release */,
			);
			defaultConfigurationIsVisible = 0;
			defaultConfigurationName = Release;
		};
/* End XCConfigurationList section */
	};
	rootObject = 55B18E4E1AF0406200F429D1 /* Project object */;
}
